
Microsoft Visual Studio Solution File, Format Version 12.00
# Visual Studio Version 17
VisualStudioVersion = 17.2.32526.322
MinimumVisualStudioVersion = 10.0.40219.1
Project("{9A19103F-16F7-4668-BE54-9A1E7A4F7556}") = "StacksApi", "StacksApi\StacksApi.csproj", "{F89CED22-F356-43ED-92EB-8F1865877B10}"
EndProject
Project("{9A19103F-16F7-4668-BE54-9A1E7A4F7556}") = "Tests", "Test\Tests.csproj", "{17E4E04F-2ADA-484F-9B45-B25D34C62FB4}"
EndProject
Project("{9A19103F-16F7-4668-BE54-9A1E7A4F7556}") = "ChainAbstractions", "ChainAbstractions\ChainAbstractions.csproj", "{30DB4E5D-E2BB-495C-A3B8-7435023E0E43}"
EndProject
Project("{2150E333-8FDC-42A3-9474-1A3956D46DE8}") = "Examples", "Examples", "{C0F14FF5-2DB2-4C3F-AE1F-C600E91F205C}"
EndProject
Project("{9A19103F-16F7-4668-BE54-9A1E7A4F7556}") = "ShopSample", "ShopSample\ShopSample.csproj", "{28BDE9CB-1FF7-405E-84A6-B99ED7711411}"
EndProject
Project("{9A19103F-16F7-4668-BE54-9A1E7A4F7556}") = "ShortDemos", "ShortDemos\ShortDemos.csproj", "{AE7E2A92-98D1-4FD9-B1D7-EF678895727E}"
EndProject
Project("{9A19103F-16F7-4668-BE54-9A1E7A4F7556}") = "CliTools", "CliTools\CliTools.csproj", "{5A551C00-B5B6-48C3-B207-BE116132DD3C}"
EndProject
Project("{9A19103F-16F7-4668-BE54-9A1E7A4F7556}") = "MauiSample", "MauiSample\MauiSample.csproj", "{B8BC0519-A658-4A1B-8B21-A204EF37DC5D}"
EndProject
Global
	GlobalSection(SolutionConfigurationPlatforms) = preSolution
		Debug|Any CPU = Debug|Any CPU
		Release|Any CPU = Release|Any CPU
	EndGlobalSection
	GlobalSection(ProjectConfigurationPlatforms) = postSolution
		{F89CED22-F356-43ED-92EB-8F1865877B10}.Debug|Any CPU.ActiveCfg = Debug|Any CPU
		{F89CED22-F356-43ED-92EB-8F1865877B10}.Debug|Any CPU.Build.0 = Debug|Any CPU
		{F89CED22-F356-43ED-92EB-8F1865877B10}.Release|Any CPU.ActiveCfg = Release|Any CPU
		{F89CED22-F356-43ED-92EB-8F1865877B10}.Release|Any CPU.Build.0 = Release|Any CPU
		{17E4E04F-2ADA-484F-9B45-B25D34C62FB4}.Debug|Any CPU.ActiveCfg = Debug|Any CPU
		{17E4E04F-2ADA-484F-9B45-B25D34C62FB4}.Debug|Any CPU.Build.0 = Debug|Any CPU
		{17E4E04F-2ADA-484F-9B45-B25D34C62FB4}.Release|Any CPU.ActiveCfg = Release|Any CPU
		{17E4E04F-2ADA-484F-9B45-B25D34C62FB4}.Release|Any CPU.Build.0 = Release|Any CPU
		{30DB4E5D-E2BB-495C-A3B8-7435023E0E43}.Debug|Any CPU.ActiveCfg = Debug|Any CPU
		{30DB4E5D-E2BB-495C-A3B8-7435023E0E43}.Debug|Any CPU.Build.0 = Debug|Any CPU
		{30DB4E5D-E2BB-495C-A3B8-7435023E0E43}.Release|Any CPU.ActiveCfg = Release|Any CPU
		{30DB4E5D-E2BB-495C-A3B8-7435023E0E43}.Release|Any CPU.Build.0 = Release|Any CPU
		{28BDE9CB-1FF7-405E-84A6-B99ED7711411}.Debug|Any CPU.ActiveCfg = Debug|Any CPU
		{28BDE9CB-1FF7-405E-84A6-B99ED7711411}.Debug|Any CPU.Build.0 = Debug|Any CPU
		{28BDE9CB-1FF7-405E-84A6-B99ED7711411}.Release|Any CPU.ActiveCfg = Release|Any CPU
		{28BDE9CB-1FF7-405E-84A6-B99ED7711411}.Release|Any CPU.Build.0 = Release|Any CPU
		{AE7E2A92-98D1-4FD9-B1D7-EF678895727E}.Debug|Any CPU.ActiveCfg = Debug|Any CPU
		{AE7E2A92-98D1-4FD9-B1D7-EF678895727E}.Debug|Any CPU.Build.0 = Debug|Any CPU
		{AE7E2A92-98D1-4FD9-B1D7-EF678895727E}.Release|Any CPU.ActiveCfg = Release|Any CPU
		{AE7E2A92-98D1-4FD9-B1D7-EF678895727E}.Release|Any CPU.Build.0 = Release|Any CPU
		{5A551C00-B5B6-48C3-B207-BE116132DD3C}.Debug|Any CPU.ActiveCfg = Debug|Any CPU
		{5A551C00-B5B6-48C3-B207-BE116132DD3C}.Debug|Any CPU.Build.0 = Debug|Any CPU
		{5A551C00-B5B6-48C3-B207-BE116132DD3C}.Release|Any CPU.ActiveCfg = Release|Any CPU
		{5A551C00-B5B6-48C3-B207-BE116132DD3C}.Release|Any CPU.Build.0 = Release|Any CPU
		{B8BC0519-A658-4A1B-8B21-A204EF37DC5D}.Debug|Any CPU.ActiveCfg = Debug|Any CPU
		{B8BC0519-A658-4A1B-8B21-A204EF37DC5D}.Debug|Any CPU.Build.0 = Debug|Any CPU
		{B8BC0519-A658-4A1B-8B21-A204EF37DC5D}.Debug|Any CPU.Deploy.0 = Debug|Any CPU
		{B8BC0519-A658-4A1B-8B21-A204EF37DC5D}.Release|Any CPU.ActiveCfg = Release|Any CPU
		{B8BC0519-A658-4A1B-8B21-A204EF37DC5D}.Release|Any CPU.Build.0 = Release|Any CPU
		{B8BC0519-A658-4A1B-8B21-A204EF37DC5D}.Release|Any CPU.Deploy.0 = Release|Any CPU
	EndGlobalSection
	GlobalSection(SolutionProperties) = preSolution
		HideSolutionNode = FALSE
	EndGlobalSection
	GlobalSection(NestedProjects) = preSolution
		{28BDE9CB-1FF7-405E-84A6-B99ED7711411} = {C0F14FF5-2DB2-4C3F-AE1F-C600E91F205C}
		{AE7E2A92-98D1-4FD9-B1D7-EF678895727E} = {C0F14FF5-2DB2-4C3F-AE1F-C600E91F205C}
		{5A551C00-B5B6-48C3-B207-BE116132DD3C} = {C0F14FF5-2DB2-4C3F-AE1F-C600E91F205C}
		{B8BC0519-A658-4A1B-8B21-A204EF37DC5D} = {C0F14FF5-2DB2-4C3F-AE1F-C600E91F205C}
	EndGlobalSection
	GlobalSection(ExtensibilityGlobals) = postSolution
		SolutionGuid = {664FA1B0-AFAA-4C60-9F99-BFD116858E1D}
	EndGlobalSection
EndGlobal
